
Microsoft Visual Studio Solution File, Format Version 12.00
# Visual Studio Version 17
VisualStudioVersion = 17.10.34928.147
MinimumVisualStudioVersion = 10.0.40219.1
Project("{9A19103F-16F7-4668-BE54-9A1E7A4F7556}") = "JPNGrabACEHelper", "JPNGrabACEHelper\JPNGrabACEHelper.csproj", "{FF35BF38-60AD-4DB0-8B1B-AB9DAEFF3C4D}"
EndProject
Global
	GlobalSection(SolutionConfigurationPlatforms) = preSolution
		Debug|Any CPU = Debug|Any CPU
		Release|Any CPU = Release|Any CPU
	EndGlobalSection
	GlobalSection(ProjectConfigurationPlatforms) = postSolution
		{FF35BF38-60AD-4DB0-8B1B-AB9DAEFF3C4D}.Debug|Any CPU.ActiveCfg = Debug|Any CPU
		{FF35BF38-60AD-4DB0-8B1B-AB9DAEFF3C4D}.Debug|Any CPU.Build.0 = Debug|Any CPU
		{FF35BF38-60AD-4DB0-8B1B-AB9DAEFF3C4D}.Release|Any CPU.ActiveCfg = Release|Any CPU
		{FF35BF38-60AD-4DB0-8B1B-AB9DAEFF3C4D}.Release|Any CPU.Build.0 = Release|Any CPU
	EndGlobalSection
	GlobalSection(SolutionProperties) = preSolution
		HideSolutionNode = FALSE
	EndGlobalSection
	GlobalSection(ExtensibilityGlobals) = postSolution
		SolutionGuid = {74A5F221-3C5D-452D-A318-C987CD8A7A85}
	EndGlobalSection
EndGlobal
